<Solution>
    <Folder Name="/Hosts/">
        <Project Path="src\Hosts\FeedMind.API\FeedMind.API.csproj" Type="C#" />
    </Folder>
    <Folder Name="/Modules/" />
    <Folder Name="/Modules/Telegram/">
        <Project Path="src\Modules\Telegram\FeedMind.Modules.Telegram\FeedMind.Modules.Telegram.csproj" Type="C#" />
    </Folder>
    <Folder Name="/UnitTests/">
        <Project Path="src/UnitTests/UnitTests/UnitTests.csproj" />
    </Folder>
</Solution>
